<?xml version="1.0" encoding="utf-8"?>
<Project ToolsVersion="4.0" xmlns="http://schemas.microsoft.com/developer/msbuild/2003">
  <ItemGroup>
    <Filter Include="Source Files">
      <UniqueIdentifier>{4FC737F1-C7A5-4376-A066-2A32D752A2FF}</UniqueIdentifier>
      <Extensions>cpp;c;cc;cxx;def;odl;idl;hpj;bat;asm;asmx</Extensions>
    </Filter>
    <Filter Include="3rdParty">
      <UniqueIdentifier>{b2a90ddf-0fd0-4606-bfef-fa3436cd26ec}</UniqueIdentifier>
    </Filter>
    <Filter Include="3rdParty\tinyxml">
      <UniqueIdentifier>{7106f0b0-dae8-4af6-af1f-56e6d111296d}</UniqueIdentifier>
    </Filter>
    <Filter Include="3rdParty\clipper">
      <UniqueIdentifier>{41120520-2261-45e2-83b9-7d92acef390c}</UniqueIdentifier>
    </Filter>
    <Filter Include="Header Files">
      <UniqueIdentifier>{93995380-89BD-4b04-88EB-625FBE52EBFB}</UniqueIdentifier>
      <Extensions>h;hpp;hxx;hm;inl;inc;xsd</Extensions>
    </Filter>
  </ItemGroup>
  <ItemGroup>
    <ClCompile Include="Main.cpp">
      <Filter>Source Files</Filter>
    </ClCompile>
    <ClCompile Include="SvgLoader.cpp">
      <Filter>Source Files</Filter>
    </ClCompile>
    <ClCompile Include="Tess.cpp">
      <Filter>Source Files</Filter>
    </ClCompile>
    <ClCompile Include="VectorDrawing.cpp">
      <Filter>Source Files</Filter>
    </ClCompile>
    <ClCompile Include="..\3rdParty\clipper\clipper.cpp">
      <Filter>3rdParty\clipper</Filter>
    </ClCompile>
    <ClCompile Include="..\3rdParty\tinyxml\tinystr.cpp">
      <Filter>3rdParty\tinyxml</Filter>
    </ClCompile>
    <ClCompile Include="..\3rdParty\tinyxml\tinyxml.cpp">
      <Filter>3rdParty\tinyxml</Filter>
    </ClCompile>
    <ClCompile Include="..\3rdParty\tinyxml\tinyxmlerror.cpp">
      <Filter>3rdParty\tinyxml</Filter>
    </ClCompile>
    <ClCompile Include="..\3rdParty\tinyxml\tinyxmlparser.cpp">
      <Filter>3rdParty\tinyxml</Filter>
    </ClCompile>
  </ItemGroup>
  <ItemGroup>
    <ClInclude Include="Point2D.h">
      <Filter>Header Files</Filter>
    </ClInclude>
    <ClInclude Include="Shape.h">
      <Filter>Header Files</Filter>
    </ClInclude>
    <ClInclude Include="SvgLoader.h">
      <Filter>Header Files</Filter>
    </ClInclude>
    <ClInclude Include="Tess.h">
      <Filter>Header Files</Filter>
    </ClInclude>
    <ClInclude Include="VectorDrawing.h">
      <Filter>Header Files</Filter>
    </ClInclude>
    <ClInclude Include="..\3rdParty\clipper\clipper.hpp">
      <Filter>3rdParty\clipper</Filter>
    </ClInclude>
    <ClInclude Include="..\3rdParty\tinyxml\tinystr.h">
      <Filter>3rdParty\tinyxml</Filter>
    </ClInclude>
    <ClInclude Include="..\3rdParty\tinyxml\tinyxml.h">
      <Filter>3rdParty\tinyxml</Filter>
    </ClInclude>
  </ItemGroup>
</Project>